version = 1
revision = 3
requires-python = ">=3.9"

[[package]]
name = "arxiv-voice"
version = "0.1.0"
source = { editable = "." }
dependencies = [
    { name = "pypdf" },
]

[package.metadata]
requires-dist = [{ name = "pypdf", specifier = ">=5.0.0" }]

[[package]]
name = "pypdf"
version = "6.9.1"
source = { registry = "https://pypi.org/simple" }
dependencies = [
    { name = "typing-extensions", marker = "python_full_version < '3.11'" },
]
sdist = { url = "https://files.pythonhosted.org/packages/f9/fb/dc2e8cb006e80b0020ed20d8649106fe4274e82d8e756ad3e24ade19c0df/pypdf-6.9.1.tar.gz", hash = "sha256:ae052407d33d34de0c86c5c729be6d51010bf36e03035a8f23ab449bca52377d", size = 5311551, upload-time = "2026-03-17T10:46:07.876Z" }
wheels = [
    { url = "https://files.pythonhosted.org/packages/f9/f4/75543fa802b86e72f87e9395440fe1a89a6d149887e3e55745715c3352ac/pypdf-6.9.1-py3-none-any.whl", hash = "sha256:f35a6a022348fae47e092a908339a8f3dc993510c026bb39a96718fc7185e89f", size = 333661, upload-time = "2026-03-17T10:46:06.286Z" },
]

[[package]]
name = "typing-extensions"
version = "4.15.0"
source = { registry = "https://pypi.org/simple" }
sdist = { url = "https://files.pythonhosted.org/packages/72/94/1a15dd82efb362ac84269196e94cf00f187f7ed21c242792a923cdb1c61f/typing_extensions-4.15.0.tar.gz", hash = "sha256:0cea48d173cc12fa28ecabc3b837ea3cf6f38c6d1136f85cbaaf598984861466", size = 109391, upload-time = "2025-08-25T13:49:26.313Z" }
wheels = [
    { url = "https://files.pythonhosted.org/packages/18/67/36e9267722cc04a6b9f15c7f3441c2363321a3ea07da7ae0c0707beb2a9c/typing_extensions-4.15.0-py3-none-any.whl", hash = "sha256:f0fa19c6845758ab08074a0cfa8b7aecb71c999ca73d62883bc25cc018c4e548", size = 44614, upload-time = "2025-08-25T13:49:24.86Z" },
]
